{
  "object": {
    "pins": [
      {
        "package": "BsuirApi",
        "repositoryURL": "https://github.com/asiliuk/BsuirApi",
        "state": {
          "branch": null,
          "revision": "5d04360428f4726690c194366f6f13ca4052ef26",
          "version": "0.0.4"
        }
      },
      {
        "package": "URLImage",
        "repositoryURL": "https://github.com/dmytro-anokhin/url-image",
        "state": {
          "branch": null,
          "revision": "d0ee03498e743c0377a8b3211ce8da2e20be1bac",
          "version": "0.9.18"
        }
      }
    ]
  },
  "version": 1
}
