// !$*UTF8*$!
{
	archiveVersion = 1;
	classes = {
	};
	objectVersion = 54;
	objects = {

/* Begin PBXBuildFile section */
		E60D3C9A2BA7668500683808 /* PrivacyInfo.xcprivacy in Resources */ = {isa = PBXBuildFile; fileRef = E60D3C992BA7658700683808 /* PrivacyInfo.xcprivacy */; };
		E60D3C9B2BA7668500683808 /* PrivacyInfo.xcprivacy in Resources */ = {isa = PBXBuildFile; fileRef = E60D3C992BA7658700683808 /* PrivacyInfo.xcprivacy */; };
		E625EFE525C3227000FD8C21 /* PinnedScheduleEntry.swift in Sources */ = {isa = PBXBuildFile; fileRef = E625EFE425C3227000FD8C21 /* PinnedScheduleEntry.swift */; };
		E6310E31292C02A10013A103 /* App.swift in Sources */ = {isa = PBXBuildFile; fileRef = E6310E30292C02A10013A103 /* App.swift */; };
		E6310E33292C02D20013A103 /* AppFeature in Frameworks */ = {isa = PBXBuildFile; productRef = E6310E32292C02D20013A103 /* AppFeature */; };
		E633DC152AF2F1030059A250 /* PinnedScheduleWidget.swift in Sources */ = {isa = PBXBuildFile; fileRef = E633DC142AF2F1030059A250 /* PinnedScheduleWidget.swift */; };
		E633DC182AF2F4900059A250 /* ExamsScheduleWidget.swift in Sources */ = {isa = PBXBuildFile; fileRef = E633DC172AF2F4900059A250 /* ExamsScheduleWidget.swift */; };
		E633DC1A2AF2F5B50059A250 /* ExamsScheduleProvider.swift in Sources */ = {isa = PBXBuildFile; fileRef = E633DC192AF2F5B50059A250 /* ExamsScheduleProvider.swift */; };
		E633DC1C2AF2F64E0059A250 /* PinnedScheduleEntry+WidgetPreview.swift in Sources */ = {isa = PBXBuildFile; fileRef = E633DC1B2AF2F64E0059A250 /* PinnedScheduleEntry+WidgetPreview.swift */; };
		E654467829296CF000881956 /* Deeplinking in Frameworks */ = {isa = PBXBuildFile; productRef = E654467729296CF000881956 /* Deeplinking */; };
		E6611ABD293A8B59006E322B /* ScheduleCore in Frameworks */ = {isa = PBXBuildFile; productRef = E6611ABC293A8B59006E322B /* ScheduleCore */; };
		E6648AEE2A8A076800D8736D /* SnapshotHelper.swift in Sources */ = {isa = PBXBuildFile; fileRef = E6648AED2A8A076800D8736D /* SnapshotHelper.swift */; };
		E68D48422AFACE30007A6E94 /* MostRelevantExamsScheduleResponse.swift in Sources */ = {isa = PBXBuildFile; fileRef = E68D48412AFACE30007A6E94 /* MostRelevantExamsScheduleResponse.swift */; };
		E68D48442AFAD02D007A6E94 /* ExamsScheduleEntry+MostRelevant.swift in Sources */ = {isa = PBXBuildFile; fileRef = E68D48432AFAD02D007A6E94 /* ExamsScheduleEntry+MostRelevant.swift */; };
		E6972D1A287B4A550003506F /* BsuirApi in Frameworks */ = {isa = PBXBuildFile; productRef = E6972D19287B4A550003506F /* BsuirApi */; };
		E6972D1C287B4A550003506F /* BsuirUI in Frameworks */ = {isa = PBXBuildFile; productRef = E6972D1B287B4A550003506F /* BsuirUI */; };
		E69C56552A8A791D004C71D2 /* 010101.json in Resources */ = {isa = PBXBuildFile; fileRef = E69C56542A8A791D004C71D2 /* 010101.json */; };
		E6AA8D1125162F1A00788A02 /* WidgetKit.framework in Frameworks */ = {isa = PBXBuildFile; fileRef = E6AA8D1025162F1A00788A02 /* WidgetKit.framework */; };
		E6AA8D1325162F1A00788A02 /* SwiftUI.framework in Frameworks */ = {isa = PBXBuildFile; fileRef = E6AA8D1225162F1A00788A02 /* SwiftUI.framework */; };
		E6AA8D1625162F1A00788A02 /* ScheduleWidgetBundle.swift in Sources */ = {isa = PBXBuildFile; fileRef = E6AA8D1525162F1A00788A02 /* ScheduleWidgetBundle.swift */; };
		E6AA8D1925162F1B00788A02 /* Assets.xcassets in Resources */ = {isa = PBXBuildFile; fileRef = E6AA8D1825162F1B00788A02 /* Assets.xcassets */; };
		E6AA8D1F25162F1B00788A02 /* ScheduleWidgetExtension.appex in Embed Foundation Extensions */ = {isa = PBXBuildFile; fileRef = E6AA8D0F25162F1A00788A02 /* ScheduleWidgetExtension.appex */; settings = {ATTRIBUTES = (RemoveHeadersOnCopy, ); }; };
		E6B33E7C29A2B7DE0034AD63 /* Favorites in Frameworks */ = {isa = PBXBuildFile; productRef = E6B33E7B29A2B7DE0034AD63 /* Favorites */; };
		E6B33E7F29A2BAA10034AD63 /* PinnedScheduleProvider.swift in Sources */ = {isa = PBXBuildFile; fileRef = E6B33E7D29A2BA6F0034AD63 /* PinnedScheduleProvider.swift */; };
		E6B33E8329A2BB6E0034AD63 /* MostRelevantPinnedScheduleResponse.swift in Sources */ = {isa = PBXBuildFile; fileRef = E6B33E8129A2BB6B0034AD63 /* MostRelevantPinnedScheduleResponse.swift */; };
		E6B33E8729A2BDB80034AD63 /* PinnedScheduleEntry+MostRelevant.swift in Sources */ = {isa = PBXBuildFile; fileRef = E6B33E8629A2BDB80034AD63 /* PinnedScheduleEntry+MostRelevant.swift */; };
		E6DA075C2DF97C9C00AAC1C5 /* AppIconStandart.icon in Resources */ = {isa = PBXBuildFile; fileRef = E6DA075B2DF97C9C00AAC1C5 /* AppIconStandart.icon */; };
		E6DD610B2AA52011009558A6 /* Localizable.xcstrings in Resources */ = {isa = PBXBuildFile; fileRef = E6DD610A2AA52010009558A6 /* Localizable.xcstrings */; };
		E6DD610D2AA52011009558A6 /* Localizable.xcstrings in Resources */ = {isa = PBXBuildFile; fileRef = E6DD610C2AA52011009558A6 /* Localizable.xcstrings */; };
		E6E1885C2A894EF200658AA8 /* AppStoreSnapshotsUITests.swift in Sources */ = {isa = PBXBuildFile; fileRef = E6E1885B2A894EF200658AA8 /* AppStoreSnapshotsUITests.swift */; };
		E6E1886A2A896AEA00658AA8 /* 151004.json in Resources */ = {isa = PBXBuildFile; fileRef = E6E188692A896AEA00658AA8 /* 151004.json */; };
		E6E1886C2A896B0500658AA8 /* groups.json in Resources */ = {isa = PBXBuildFile; fileRef = E6E1886B2A896B0500658AA8 /* groups.json */; };
		E6E188722A896E7C00658AA8 /* employees.json in Resources */ = {isa = PBXBuildFile; fileRef = E6E188712A896E7C00658AA8 /* employees.json */; };
		E6F931BF22F8B1C20038FC43 /* Assets.xcassets in Resources */ = {isa = PBXBuildFile; fileRef = E6F931BE22F8B1C20038FC43 /* Assets.xcassets */; };
		E6F931C222F8B1C20038FC43 /* Preview Assets.xcassets in Resources */ = {isa = PBXBuildFile; fileRef = E6F931C122F8B1C20038FC43 /* Preview Assets.xcassets */; };
		E6F931C522F8B1C20038FC43 /* LaunchScreen.storyboard in Resources */ = {isa = PBXBuildFile; fileRef = E6F931C322F8B1C20038FC43 /* LaunchScreen.storyboard */; };
		E6FF860E2AF67AA50092D25A /* ExamsScheduleEntry.swift in Sources */ = {isa = PBXBuildFile; fileRef = E6FF860D2AF67AA50092D25A /* ExamsScheduleEntry.swift */; };
/* End PBXBuildFile section */

/* Begin PBXContainerItemProxy section */
		E69C56692A8ABB21004C71D2 /* PBXContainerItemProxy */ = {
			isa = PBXContainerItemProxy;
			containerPortal = E6F931AA22F8B1C10038FC43 /* Project object */;
			proxyType = 1;
			remoteGlobalIDString = E6F931B122F8B1C10038FC43;
			remoteInfo = BsuirScheduleApp;
		};
		E6AA8D1D25162F1B00788A02 /* PBXContainerItemProxy */ = {
			isa = PBXContainerItemProxy;
			containerPortal = E6F931AA22F8B1C10038FC43 /* Project object */;
			proxyType = 1;
			remoteGlobalIDString = E6AA8D0E25162F1A00788A02;
			remoteInfo = ScheduleWidgetExtension;
		};
/* End PBXContainerItemProxy section */

/* Begin PBXCopyFilesBuildPhase section */
		E6AA8D2025162F1B00788A02 /* Embed Foundation Extensions */ = {
			isa = PBXCopyFilesBuildPhase;
			buildActionMask = 2147483647;
			dstPath = "";
			dstSubfolderSpec = 13;
			files = (
				E6AA8D1F25162F1B00788A02 /* ScheduleWidgetExtension.appex in Embed Foundation Extensions */,
			);
			name = "Embed Foundation Extensions";
			runOnlyForDeploymentPostprocessing = 0;
		};
		E6D1F78D25137C7A00CA6E20 /* Embed Frameworks */ = {
			isa = PBXCopyFilesBuildPhase;
			buildActionMask = 2147483647;
			dstPath = "";
			dstSubfolderSpec = 10;
			files = (
			);
			name = "Embed Frameworks";
			runOnlyForDeploymentPostprocessing = 0;
		};
/* End PBXCopyFilesBuildPhase section */

/* Begin PBXFileReference section */
		E60D3C992BA7658700683808 /* PrivacyInfo.xcprivacy */ = {isa = PBXFileReference; lastKnownFileType = text.xml; path = PrivacyInfo.xcprivacy; sourceTree = "<group>"; };
		E625EFE425C3227000FD8C21 /* PinnedScheduleEntry.swift */ = {isa = PBXFileReference; lastKnownFileType = sourcecode.swift; path = PinnedScheduleEntry.swift; sourceTree = "<group>"; };
		E6310E30292C02A10013A103 /* App.swift */ = {isa = PBXFileReference; fileEncoding = 4; lastKnownFileType = sourcecode.swift; path = App.swift; sourceTree = "<group>"; };
		E633DC142AF2F1030059A250 /* PinnedScheduleWidget.swift */ = {isa = PBXFileReference; lastKnownFileType = sourcecode.swift; path = PinnedScheduleWidget.swift; sourceTree = "<group>"; };
		E633DC172AF2F4900059A250 /* ExamsScheduleWidget.swift */ = {isa = PBXFileReference; lastKnownFileType = sourcecode.swift; path = ExamsScheduleWidget.swift; sourceTree = "<group>"; };
		E633DC192AF2F5B50059A250 /* ExamsScheduleProvider.swift */ = {isa = PBXFileReference; lastKnownFileType = sourcecode.swift; path = ExamsScheduleProvider.swift; sourceTree = "<group>"; };
		E633DC1B2AF2F64E0059A250 /* PinnedScheduleEntry+WidgetPreview.swift */ = {isa = PBXFileReference; lastKnownFileType = sourcecode.swift; path = "PinnedScheduleEntry+WidgetPreview.swift"; sourceTree = "<group>"; };
		E64AF1732A9B6DD2002C8419 /* Base.xcconfig */ = {isa = PBXFileReference; lastKnownFileType = text.xcconfig; path = Base.xcconfig; sourceTree = "<group>"; };
		E660A745268B955D00851358 /* BsuirScheduleApp.entitlements */ = {isa = PBXFileReference; lastKnownFileType = text.plist.entitlements; path = BsuirScheduleApp.entitlements; sourceTree = "<group>"; };
		E6648AED2A8A076800D8736D /* SnapshotHelper.swift */ = {isa = PBXFileReference; fileEncoding = 4; lastKnownFileType = sourcecode.swift; path = SnapshotHelper.swift; sourceTree = "<group>"; };
		E68D48412AFACE30007A6E94 /* MostRelevantExamsScheduleResponse.swift */ = {isa = PBXFileReference; lastKnownFileType = sourcecode.swift; path = MostRelevantExamsScheduleResponse.swift; sourceTree = "<group>"; };
		E68D48432AFAD02D007A6E94 /* ExamsScheduleEntry+MostRelevant.swift */ = {isa = PBXFileReference; lastKnownFileType = sourcecode.swift; path = "ExamsScheduleEntry+MostRelevant.swift"; sourceTree = "<group>"; };
		E69C56542A8A791D004C71D2 /* 010101.json */ = {isa = PBXFileReference; lastKnownFileType = text.json; path = 010101.json; sourceTree = "<group>"; };
		E6AA8D0F25162F1A00788A02 /* ScheduleWidgetExtension.appex */ = {isa = PBXFileReference; explicitFileType = "wrapper.app-extension"; includeInIndex = 0; path = ScheduleWidgetExtension.appex; sourceTree = BUILT_PRODUCTS_DIR; };
		E6AA8D1025162F1A00788A02 /* WidgetKit.framework */ = {isa = PBXFileReference; lastKnownFileType = wrapper.framework; name = WidgetKit.framework; path = System/Library/Frameworks/WidgetKit.framework; sourceTree = SDKROOT; };
		E6AA8D1225162F1A00788A02 /* SwiftUI.framework */ = {isa = PBXFileReference; lastKnownFileType = wrapper.framework; name = SwiftUI.framework; path = System/Library/Frameworks/SwiftUI.framework; sourceTree = SDKROOT; };
		E6AA8D1525162F1A00788A02 /* ScheduleWidgetBundle.swift */ = {isa = PBXFileReference; lastKnownFileType = sourcecode.swift; path = ScheduleWidgetBundle.swift; sourceTree = "<group>"; };
		E6AA8D1825162F1B00788A02 /* Assets.xcassets */ = {isa = PBXFileReference; lastKnownFileType = folder.assetcatalog; path = Assets.xcassets; sourceTree = "<group>"; };
		E6AA8D1A25162F1B00788A02 /* Info.plist */ = {isa = PBXFileReference; lastKnownFileType = text.plist.xml; path = Info.plist; sourceTree = "<group>"; };
		E6B33E7D29A2BA6F0034AD63 /* PinnedScheduleProvider.swift */ = {isa = PBXFileReference; lastKnownFileType = sourcecode.swift; path = PinnedScheduleProvider.swift; sourceTree = "<group>"; };
		E6B33E8129A2BB6B0034AD63 /* MostRelevantPinnedScheduleResponse.swift */ = {isa = PBXFileReference; lastKnownFileType = sourcecode.swift; path = MostRelevantPinnedScheduleResponse.swift; sourceTree = "<group>"; };
		E6B33E8629A2BDB80034AD63 /* PinnedScheduleEntry+MostRelevant.swift */ = {isa = PBXFileReference; lastKnownFileType = sourcecode.swift; path = "PinnedScheduleEntry+MostRelevant.swift"; sourceTree = "<group>"; };
		E6CCA27A2917EF900079D815 /* ScheduleWidgetExtension.entitlements */ = {isa = PBXFileReference; lastKnownFileType = text.plist.entitlements; path = ScheduleWidgetExtension.entitlements; sourceTree = "<group>"; };
		E6DA075B2DF97C9C00AAC1C5 /* AppIconStandart.icon */ = {isa = PBXFileReference; lastKnownFileType = wrapper; path = AppIconStandart.icon; sourceTree = "<group>"; };
		E6DD610A2AA52010009558A6 /* Localizable.xcstrings */ = {isa = PBXFileReference; lastKnownFileType = text.json.xcstrings; path = Localizable.xcstrings; sourceTree = "<group>"; };
		E6DD610C2AA52011009558A6 /* Localizable.xcstrings */ = {isa = PBXFileReference; lastKnownFileType = text.json.xcstrings; path = Localizable.xcstrings; sourceTree = "<group>"; };
		E6E1882D2A80309800658AA8 /* PremiumClubProducts.storekit */ = {isa = PBXFileReference; lastKnownFileType = text; path = PremiumClubProducts.storekit; sourceTree = "<group>"; };
		E6E188592A894EF200658AA8 /* AppStoreSnapshotsUITests.xctest */ = {isa = PBXFileReference; explicitFileType = wrapper.cfbundle; includeInIndex = 0; path = AppStoreSnapshotsUITests.xctest; sourceTree = BUILT_PRODUCTS_DIR; };
		E6E1885B2A894EF200658AA8 /* AppStoreSnapshotsUITests.swift */ = {isa = PBXFileReference; lastKnownFileType = sourcecode.swift; path = AppStoreSnapshotsUITests.swift; sourceTree = "<group>"; };
		E6E188692A896AEA00658AA8 /* 151004.json */ = {isa = PBXFileReference; lastKnownFileType = text.json; path = 151004.json; sourceTree = "<group>"; };
		E6E1886B2A896B0500658AA8 /* groups.json */ = {isa = PBXFileReference; lastKnownFileType = text.json; path = groups.json; sourceTree = "<group>"; };
		E6E188712A896E7C00658AA8 /* employees.json */ = {isa = PBXFileReference; lastKnownFileType = text.json; path = employees.json; sourceTree = "<group>"; };
		E6F4A836287B4A24001AB915 /* Modules */ = {isa = PBXFileReference; lastKnownFileType = wrapper; path = Modules; sourceTree = "<group>"; };
		E6F931B222F8B1C10038FC43 /* BsuirScheduleApp.app */ = {isa = PBXFileReference; explicitFileType = wrapper.application; includeInIndex = 0; path = BsuirScheduleApp.app; sourceTree = BUILT_PRODUCTS_DIR; };
		E6F931BE22F8B1C20038FC43 /* Assets.xcassets */ = {isa = PBXFileReference; lastKnownFileType = folder.assetcatalog; path = Assets.xcassets; sourceTree = "<group>"; };
		E6F931C122F8B1C20038FC43 /* Preview Assets.xcassets */ = {isa = PBXFileReference; lastKnownFileType = folder.assetcatalog; path = "Preview Assets.xcassets"; sourceTree = "<group>"; };
		E6F931C422F8B1C20038FC43 /* Base */ = {isa = PBXFileReference; lastKnownFileType = file.storyboard; name = Base; path = Base.lproj/LaunchScreen.storyboard; sourceTree = "<group>"; };
		E6F931C622F8B1C20038FC43 /* Info.plist */ = {isa = PBXFileReference; lastKnownFileType = text.plist.xml; path = Info.plist; sourceTree = "<group>"; };
		E6FF860D2AF67AA50092D25A /* ExamsScheduleEntry.swift */ = {isa = PBXFileReference; lastKnownFileType = sourcecode.swift; path = ExamsScheduleEntry.swift; sourceTree = "<group>"; };
/* End PBXFileReference section */

/* Begin PBXFrameworksBuildPhase section */
		E6AA8D0C25162F1A00788A02 /* Frameworks */ = {
			isa = PBXFrameworksBuildPhase;
			buildActionMask = 2147483647;
			files = (
				E6AA8D1325162F1A00788A02 /* SwiftUI.framework in Frameworks */,
				E6972D1A287B4A550003506F /* BsuirApi in Frameworks */,
				E6972D1C287B4A550003506F /* BsuirUI in Frameworks */,
				E654467829296CF000881956 /* Deeplinking in Frameworks */,
				E6B33E7C29A2B7DE0034AD63 /* Favorites in Frameworks */,
				E6611ABD293A8B59006E322B /* ScheduleCore in Frameworks */,
				E6AA8D1125162F1A00788A02 /* WidgetKit.framework in Frameworks */,
			);
			runOnlyForDeploymentPostprocessing = 0;
		};
		E6E188562A894EF200658AA8 /* Frameworks */ = {
			isa = PBXFrameworksBuildPhase;
			buildActionMask = 2147483647;
			files = (
			);
			runOnlyForDeploymentPostprocessing = 0;
		};
		E6F931AF22F8B1C10038FC43 /* Frameworks */ = {
			isa = PBXFrameworksBuildPhase;
			buildActionMask = 2147483647;
			files = (
				E6310E33292C02D20013A103 /* AppFeature in Frameworks */,
			);
			runOnlyForDeploymentPostprocessing = 0;
		};
/* End PBXFrameworksBuildPhase section */

/* Begin PBXGroup section */
		E633DC162AF2F46D0059A250 /* Widgets */ = {
			isa = PBXGroup;
			children = (
				E6AA8D1525162F1A00788A02 /* ScheduleWidgetBundle.swift */,
				E633DC142AF2F1030059A250 /* PinnedScheduleWidget.swift */,
				E633DC172AF2F4900059A250 /* ExamsScheduleWidget.swift */,
			);
			path = Widgets;
			sourceTree = "<group>";
		};
		E633E7F822F8B75F00E109E2 /* Frameworks */ = {
			isa = PBXGroup;
			children = (
				E6AA8D1025162F1A00788A02 /* WidgetKit.framework */,
				E6AA8D1225162F1A00788A02 /* SwiftUI.framework */,
			);
			name = Frameworks;
			sourceTree = "<group>";
		};
		E64AF1712A9B6DD2002C8419 /* Config */ = {
			isa = PBXGroup;
			children = (
				E64AF1732A9B6DD2002C8419 /* Base.xcconfig */,
			);
			path = Config;
			sourceTree = "<group>";
		};
		E695524A22F9D0E000EEFA72 /* Resources */ = {
			isa = PBXGroup;
			children = (
				E6DA075B2DF97C9C00AAC1C5 /* AppIconStandart.icon */,
				E6DD610A2AA52010009558A6 /* Localizable.xcstrings */,
				E6F931BE22F8B1C20038FC43 /* Assets.xcassets */,
				E6F931C322F8B1C20038FC43 /* LaunchScreen.storyboard */,
				E6F931C622F8B1C20038FC43 /* Info.plist */,
				E6F931C022F8B1C20038FC43 /* Preview Content */,
				E6E1882D2A80309800658AA8 /* PremiumClubProducts.storekit */,
				E60D3C992BA7658700683808 /* PrivacyInfo.xcprivacy */,
			);
			path = Resources;
			sourceTree = "<group>";
		};
		E696481E233F7BBE007EF2CB /* Application */ = {
			isa = PBXGroup;
			children = (
				E6310E30292C02A10013A103 /* App.swift */,
			);
			path = Application;
			sourceTree = "<group>";
		};
		E6AA8D1425162F1A00788A02 /* ScheduleWidget */ = {
			isa = PBXGroup;
			children = (
				E633DC162AF2F46D0059A250 /* Widgets */,
				E6B33E8029A2BAD80034AD63 /* Provider */,
				E6AA8D1825162F1B00788A02 /* Assets.xcassets */,
				E6AA8D1A25162F1B00788A02 /* Info.plist */,
				E6DD610C2AA52011009558A6 /* Localizable.xcstrings */,
			);
			path = ScheduleWidget;
			sourceTree = "<group>";
		};
		E6B33E8029A2BAD80034AD63 /* Provider */ = {
			isa = PBXGroup;
			children = (
				E6FF860C2AF67A210092D25A /* Exams */,
				E6FF860B2AF67A170092D25A /* Pinned */,
			);
			path = Provider;
			sourceTree = "<group>";
		};
		E6E1885A2A894EF200658AA8 /* AppStoreSnapshotsUITests */ = {
			isa = PBXGroup;
			children = (
				E6648AED2A8A076800D8736D /* SnapshotHelper.swift */,
				E6E1885B2A894EF200658AA8 /* AppStoreSnapshotsUITests.swift */,
			);
			path = AppStoreSnapshotsUITests;
			sourceTree = "<group>";
		};
		E6F931A922F8B1C10038FC43 = {
			isa = PBXGroup;
			children = (
				E64AF1712A9B6DD2002C8419 /* Config */,
				E6CCA27A2917EF900079D815 /* ScheduleWidgetExtension.entitlements */,
				E6F931B422F8B1C10038FC43 /* BsuirScheduleApp */,
				E6AA8D1425162F1A00788A02 /* ScheduleWidget */,
				E6F4A836287B4A24001AB915 /* Modules */,
				E6E1885A2A894EF200658AA8 /* AppStoreSnapshotsUITests */,
				E6F931B322F8B1C10038FC43 /* Products */,
				E633E7F822F8B75F00E109E2 /* Frameworks */,
			);
			sourceTree = "<group>";
		};
		E6F931B322F8B1C10038FC43 /* Products */ = {
			isa = PBXGroup;
			children = (
				E6F931B222F8B1C10038FC43 /* BsuirScheduleApp.app */,
				E6AA8D0F25162F1A00788A02 /* ScheduleWidgetExtension.appex */,
				E6E188592A894EF200658AA8 /* AppStoreSnapshotsUITests.xctest */,
			);
			name = Products;
			sourceTree = "<group>";
		};
		E6F931B422F8B1C10038FC43 /* BsuirScheduleApp */ = {
			isa = PBXGroup;
			children = (
				E660A745268B955D00851358 /* BsuirScheduleApp.entitlements */,
				E696481E233F7BBE007EF2CB /* Application */,
				E695524A22F9D0E000EEFA72 /* Resources */,
			);
			path = BsuirScheduleApp;
			sourceTree = "<group>";
		};
		E6F931C022F8B1C20038FC43 /* Preview Content */ = {
			isa = PBXGroup;
			children = (
				E6F931C122F8B1C20038FC43 /* Preview Assets.xcassets */,
				E6E188692A896AEA00658AA8 /* 151004.json */,
				E6E1886B2A896B0500658AA8 /* groups.json */,
				E6E188712A896E7C00658AA8 /* employees.json */,
				E69C56542A8A791D004C71D2 /* 010101.json */,
			);
			path = "Preview Content";
			sourceTree = "<group>";
		};
		E6FF860B2AF67A170092D25A /* Pinned */ = {
			isa = PBXGroup;
			children = (
				E625EFE425C3227000FD8C21 /* PinnedScheduleEntry.swift */,
				E6B33E8629A2BDB80034AD63 /* PinnedScheduleEntry+MostRelevant.swift */,
				E633DC1B2AF2F64E0059A250 /* PinnedScheduleEntry+WidgetPreview.swift */,
				E6B33E8129A2BB6B0034AD63 /* MostRelevantPinnedScheduleResponse.swift */,
				E6B33E7D29A2BA6F0034AD63 /* PinnedScheduleProvider.swift */,
			);
			path = Pinned;
			sourceTree = "<group>";
		};
		E6FF860C2AF67A210092D25A /* Exams */ = {
			isa = PBXGroup;
			children = (
				E6FF860D2AF67AA50092D25A /* ExamsScheduleEntry.swift */,
				E68D48432AFAD02D007A6E94 /* ExamsScheduleEntry+MostRelevant.swift */,
				E68D48412AFACE30007A6E94 /* MostRelevantExamsScheduleResponse.swift */,
				E633DC192AF2F5B50059A250 /* ExamsScheduleProvider.swift */,
			);
			path = Exams;
			sourceTree = "<group>";
		};
/* End PBXGroup section */

/* Begin PBXNativeTarget section */
		E6AA8D0E25162F1A00788A02 /* ScheduleWidgetExtension */ = {
			isa = PBXNativeTarget;
			buildConfigurationList = E6AA8D2325162F1B00788A02 /* Build configuration list for PBXNativeTarget "ScheduleWidgetExtension" */;
			buildPhases = (
				E6AA8D0B25162F1A00788A02 /* Sources */,
				E6AA8D0C25162F1A00788A02 /* Frameworks */,
				E6AA8D0D25162F1A00788A02 /* Resources */,
			);
			buildRules = (
			);
			dependencies = (
			);
			name = ScheduleWidgetExtension;
			packageProductDependencies = (
				E6972D19287B4A550003506F /* BsuirApi */,
				E6972D1B287B4A550003506F /* BsuirUI */,
				E654467729296CF000881956 /* Deeplinking */,
				E6611ABC293A8B59006E322B /* ScheduleCore */,
				E6B33E7B29A2B7DE0034AD63 /* Favorites */,
			);
			productName = ScheduleWidgetExtension;
			productReference = E6AA8D0F25162F1A00788A02 /* ScheduleWidgetExtension.appex */;
			productType = "com.apple.product-type.app-extension";
		};
		E6E188582A894EF200658AA8 /* AppStoreSnapshotsUITests */ = {
			isa = PBXNativeTarget;
			buildConfigurationList = E6E188632A894EF200658AA8 /* Build configuration list for PBXNativeTarget "AppStoreSnapshotsUITests" */;
			buildPhases = (
				E6E188552A894EF200658AA8 /* Sources */,
				E6E188562A894EF200658AA8 /* Frameworks */,
				E6E188572A894EF200658AA8 /* Resources */,
			);
			buildRules = (
			);
			dependencies = (
				E69C566A2A8ABB21004C71D2 /* PBXTargetDependency */,
			);
			name = AppStoreSnapshotsUITests;
			packageProductDependencies = (
			);
			productName = AppStoreSnapshotsUITests;
			productReference = E6E188592A894EF200658AA8 /* AppStoreSnapshotsUITests.xctest */;
			productType = "com.apple.product-type.bundle.ui-testing";
		};
		E6F931B122F8B1C10038FC43 /* BsuirScheduleApp */ = {
			isa = PBXNativeTarget;
			buildConfigurationList = E6F931C922F8B1C20038FC43 /* Build configuration list for PBXNativeTarget "BsuirScheduleApp" */;
			buildPhases = (
				E6F931AE22F8B1C10038FC43 /* Sources */,
				E6F931AF22F8B1C10038FC43 /* Frameworks */,
				E6F931B022F8B1C10038FC43 /* Resources */,
				E6D1F78D25137C7A00CA6E20 /* Embed Frameworks */,
				E6AA8D2025162F1B00788A02 /* Embed Foundation Extensions */,
			);
			buildRules = (
			);
			dependencies = (
				E6AA8D1E25162F1B00788A02 /* PBXTargetDependency */,
			);
			name = BsuirScheduleApp;
			packageProductDependencies = (
				E6310E32292C02D20013A103 /* AppFeature */,
			);
			productName = BsuirScheduleApp;
			productReference = E6F931B222F8B1C10038FC43 /* BsuirScheduleApp.app */;
			productType = "com.apple.product-type.application";
		};
/* End PBXNativeTarget section */

/* Begin PBXProject section */
		E6F931AA22F8B1C10038FC43 /* Project object */ = {
			isa = PBXProject;
			attributes = {
				LastSwiftUpdateCheck = 1430;
				LastUpgradeCheck = 1400;
				ORGANIZATIONNAME = Saute;
				TargetAttributes = {
					E6AA8D0E25162F1A00788A02 = {
						CreatedOnToolsVersion = 12.0;
					};
					E6E188582A894EF200658AA8 = {
						CreatedOnToolsVersion = 14.3;
						TestTargetID = E6F931B122F8B1C10038FC43;
					};
					E6F931B122F8B1C10038FC43 = {
						CreatedOnToolsVersion = 11.0;
					};
				};
			};
			buildConfigurationList = E6F931AD22F8B1C10038FC43 /* Build configuration list for PBXProject "BsuirScheduleApp" */;
			compatibilityVersion = "Xcode 9.3";
			developmentRegion = ru;
			hasScannedForEncodings = 0;
			knownRegions = (
				en,
				Base,
				ru,
				be,
				uk,
			);
			mainGroup = E6F931A922F8B1C10038FC43;
			packageReferences = (
			);
			productRefGroup = E6F931B322F8B1C10038FC43 /* Products */;
			projectDirPath = "";
			projectRoot = "";
			targets = (
				E6F931B122F8B1C10038FC43 /* BsuirScheduleApp */,
				E6AA8D0E25162F1A00788A02 /* ScheduleWidgetExtension */,
				E6E188582A894EF200658AA8 /* AppStoreSnapshotsUITests */,
			);
		};
/* End PBXProject section */

/* Begin PBXResourcesBuildPhase section */
		E6AA8D0D25162F1A00788A02 /* Resources */ = {
			isa = PBXResourcesBuildPhase;
			buildActionMask = 2147483647;
			files = (
				E60D3C9B2BA7668500683808 /* PrivacyInfo.xcprivacy in Resources */,
				E6AA8D1925162F1B00788A02 /* Assets.xcassets in Resources */,
				E6DD610D2AA52011009558A6 /* Localizable.xcstrings in Resources */,
			);
			runOnlyForDeploymentPostprocessing = 0;
		};
		E6E188572A894EF200658AA8 /* Resources */ = {
			isa = PBXResourcesBuildPhase;
			buildActionMask = 2147483647;
			files = (
			);
			runOnlyForDeploymentPostprocessing = 0;
		};
		E6F931B022F8B1C10038FC43 /* Resources */ = {
			isa = PBXResourcesBuildPhase;
			buildActionMask = 2147483647;
			files = (
				E6E1886A2A896AEA00658AA8 /* 151004.json in Resources */,
				E6DA075C2DF97C9C00AAC1C5 /* AppIconStandart.icon in Resources */,
				E69C56552A8A791D004C71D2 /* 010101.json in Resources */,
				E6E188722A896E7C00658AA8 /* employees.json in Resources */,
				E60D3C9A2BA7668500683808 /* PrivacyInfo.xcprivacy in Resources */,
				E6F931C522F8B1C20038FC43 /* LaunchScreen.storyboard in Resources */,
				E6F931C222F8B1C20038FC43 /* Preview Assets.xcassets in Resources */,
				E6DD610B2AA52011009558A6 /* Localizable.xcstrings in Resources */,
				E6E1886C2A896B0500658AA8 /* groups.json in Resources */,
				E6F931BF22F8B1C20038FC43 /* Assets.xcassets in Resources */,
			);
			runOnlyForDeploymentPostprocessing = 0;
		};
/* End PBXResourcesBuildPhase section */

/* Begin PBXSourcesBuildPhase section */
		E6AA8D0B25162F1A00788A02 /* Sources */ = {
			isa = PBXSourcesBuildPhase;
			buildActionMask = 2147483647;
			files = (
				E6B33E8329A2BB6E0034AD63 /* MostRelevantPinnedScheduleResponse.swift in Sources */,
				E6AA8D1625162F1A00788A02 /* ScheduleWidgetBundle.swift in Sources */,
				E625EFE525C3227000FD8C21 /* PinnedScheduleEntry.swift in Sources */,
				E6B33E7F29A2BAA10034AD63 /* PinnedScheduleProvider.swift in Sources */,
				E633DC1A2AF2F5B50059A250 /* ExamsScheduleProvider.swift in Sources */,
				E633DC152AF2F1030059A250 /* PinnedScheduleWidget.swift in Sources */,
				E633DC182AF2F4900059A250 /* ExamsScheduleWidget.swift in Sources */,
				E6B33E8729A2BDB80034AD63 /* PinnedScheduleEntry+MostRelevant.swift in Sources */,
				E68D48442AFAD02D007A6E94 /* ExamsScheduleEntry+MostRelevant.swift in Sources */,
				E6FF860E2AF67AA50092D25A /* ExamsScheduleEntry.swift in Sources */,
				E633DC1C2AF2F64E0059A250 /* PinnedScheduleEntry+WidgetPreview.swift in Sources */,
				E68D48422AFACE30007A6E94 /* MostRelevantExamsScheduleResponse.swift in Sources */,
			);
			runOnlyForDeploymentPostprocessing = 0;
		};
		E6E188552A894EF200658AA8 /* Sources */ = {
			isa = PBXSourcesBuildPhase;
			buildActionMask = 2147483647;
			files = (
				E6E1885C2A894EF200658AA8 /* AppStoreSnapshotsUITests.swift in Sources */,
				E6648AEE2A8A076800D8736D /* SnapshotHelper.swift in Sources */,
			);
			runOnlyForDeploymentPostprocessing = 0;
		};
		E6F931AE22F8B1C10038FC43 /* Sources */ = {
			isa = PBXSourcesBuildPhase;
			buildActionMask = 2147483647;
			files = (
				E6310E31292C02A10013A103 /* App.swift in Sources */,
			);
			runOnlyForDeploymentPostprocessing = 0;
		};
/* End PBXSourcesBuildPhase section */

/* Begin PBXTargetDependency section */
		E69C566A2A8ABB21004C71D2 /* PBXTargetDependency */ = {
			isa = PBXTargetDependency;
			target = E6F931B122F8B1C10038FC43 /* BsuirScheduleApp */;
			targetProxy = E69C56692A8ABB21004C71D2 /* PBXContainerItemProxy */;
		};
		E6AA8D1E25162F1B00788A02 /* PBXTargetDependency */ = {
			isa = PBXTargetDependency;
			target = E6AA8D0E25162F1A00788A02 /* ScheduleWidgetExtension */;
			targetProxy = E6AA8D1D25162F1B00788A02 /* PBXContainerItemProxy */;
		};
/* End PBXTargetDependency section */

/* Begin PBXVariantGroup section */
		E6F931C322F8B1C20038FC43 /* LaunchScreen.storyboard */ = {
			isa = PBXVariantGroup;
			children = (
				E6F931C422F8B1C20038FC43 /* Base */,
			);
			name = LaunchScreen.storyboard;
			sourceTree = "<group>";
		};
/* End PBXVariantGroup section */

/* Begin XCBuildConfiguration section */
		E6AA8D2125162F1B00788A02 /* Debug */ = {
			isa = XCBuildConfiguration;
			buildSettings = {
				ASSETCATALOG_COMPILER_GLOBAL_ACCENT_COLOR_NAME = AccentColor;
				ASSETCATALOG_COMPILER_WIDGET_BACKGROUND_COLOR_NAME = WidgetBackground;
				CLANG_WARN_QUOTED_INCLUDE_IN_FRAMEWORK_HEADER = YES;
				CODE_SIGN_ENTITLEMENTS = ScheduleWidgetExtension.entitlements;
				CODE_SIGN_IDENTITY = "Apple Development";
				CODE_SIGN_STYLE = Automatic;
				DEVELOPMENT_TEAM = 636FUHDF2R;
				INFOPLIST_FILE = ScheduleWidget/Info.plist;
				LD_RUNPATH_SEARCH_PATHS = (
					"$(inherited)",
					"@executable_path/Frameworks",
					"@executable_path/../../Frameworks",
				);
				PRODUCT_BUNDLE_IDENTIFIER = "com.saute.Bsuir-Schedule.ScheduleWidget";
				PRODUCT_NAME = "$(TARGET_NAME)";
				PROVISIONING_PROFILE_SPECIFIER = "";
				SKIP_INSTALL = YES;
			};
			name = Debug;
		};
		E6AA8D2225162F1B00788A02 /* Release */ = {
			isa = XCBuildConfiguration;
			buildSettings = {
				ASSETCATALOG_COMPILER_GLOBAL_ACCENT_COLOR_NAME = AccentColor;
				ASSETCATALOG_COMPILER_WIDGET_BACKGROUND_COLOR_NAME = WidgetBackground;
				CLANG_WARN_QUOTED_INCLUDE_IN_FRAMEWORK_HEADER = YES;
				CODE_SIGN_ENTITLEMENTS = ScheduleWidgetExtension.entitlements;
				CODE_SIGN_IDENTITY = "Apple Development";
				CODE_SIGN_STYLE = Automatic;
				DEVELOPMENT_TEAM = 636FUHDF2R;
				INFOPLIST_FILE = ScheduleWidget/Info.plist;
				LD_RUNPATH_SEARCH_PATHS = (
					"$(inherited)",
					"@executable_path/Frameworks",
					"@executable_path/../../Frameworks",
				);
				PRODUCT_BUNDLE_IDENTIFIER = "com.saute.Bsuir-Schedule.ScheduleWidget";
				PRODUCT_NAME = "$(TARGET_NAME)";
				PROVISIONING_PROFILE_SPECIFIER = "";
				SKIP_INSTALL = YES;
			};
			name = Release;
		};
		E6E188612A894EF200658AA8 /* Debug */ = {
			isa = XCBuildConfiguration;
			buildSettings = {
				CLANG_CXX_LANGUAGE_STANDARD = "gnu++20";
				CODE_SIGN_STYLE = Automatic;
				DEVELOPMENT_TEAM = 636FUHDF2R;
				GENERATE_INFOPLIST_FILE = YES;
				PRODUCT_BUNDLE_IDENTIFIER = com.asiliuk.AppStoreSnapshotsUITests;
				PRODUCT_NAME = "$(TARGET_NAME)";
				PROVISIONING_PROFILE = "";
				SWIFT_EMIT_LOC_STRINGS = NO;
				TARGETED_DEVICE_FAMILY = "1,2";
				TEST_TARGET_NAME = BsuirScheduleApp;
			};
			name = Debug;
		};
		E6E188622A894EF200658AA8 /* Release */ = {
			isa = XCBuildConfiguration;
			buildSettings = {
				CLANG_CXX_LANGUAGE_STANDARD = "gnu++20";
				CODE_SIGN_STYLE = Automatic;
				DEVELOPMENT_TEAM = 636FUHDF2R;
				GENERATE_INFOPLIST_FILE = YES;
				PRODUCT_BUNDLE_IDENTIFIER = com.asiliuk.AppStoreSnapshotsUITests;
				PRODUCT_NAME = "$(TARGET_NAME)";
				PROVISIONING_PROFILE = "";
				SWIFT_EMIT_LOC_STRINGS = NO;
				TARGETED_DEVICE_FAMILY = "1,2";
				TEST_TARGET_NAME = BsuirScheduleApp;
			};
			name = Release;
		};
		E6F931C722F8B1C20038FC43 /* Debug */ = {
			isa = XCBuildConfiguration;
			baseConfigurationReference = E64AF1732A9B6DD2002C8419 /* Base.xcconfig */;
			buildSettings = {
				ALWAYS_SEARCH_USER_PATHS = NO;
				CLANG_ANALYZER_LOCALIZABILITY_NONLOCALIZED = YES;
				CLANG_ANALYZER_NONNULL = YES;
				CLANG_ANALYZER_NUMBER_OBJECT_CONVERSION = YES_AGGRESSIVE;
				CLANG_CXX_LANGUAGE_STANDARD = "gnu++14";
				CLANG_CXX_LIBRARY = "libc++";
				CLANG_ENABLE_MODULES = YES;
				CLANG_ENABLE_OBJC_ARC = YES;
				CLANG_ENABLE_OBJC_WEAK = YES;
				CLANG_WARN_BLOCK_CAPTURE_AUTORELEASING = YES;
				CLANG_WARN_BOOL_CONVERSION = YES;
				CLANG_WARN_COMMA = YES;
				CLANG_WARN_CONSTANT_CONVERSION = YES;
				CLANG_WARN_DEPRECATED_OBJC_IMPLEMENTATIONS = YES;
				CLANG_WARN_DIRECT_OBJC_ISA_USAGE = YES_ERROR;
				CLANG_WARN_DOCUMENTATION_COMMENTS = YES;
				CLANG_WARN_EMPTY_BODY = YES;
				CLANG_WARN_ENUM_CONVERSION = YES;
				CLANG_WARN_INFINITE_RECURSION = YES;
				CLANG_WARN_INT_CONVERSION = YES;
				CLANG_WARN_NON_LITERAL_NULL_CONVERSION = YES;
				CLANG_WARN_OBJC_IMPLICIT_RETAIN_SELF = YES;
				CLANG_WARN_OBJC_LITERAL_CONVERSION = YES;
				CLANG_WARN_OBJC_ROOT_CLASS = YES_ERROR;
				CLANG_WARN_QUOTED_INCLUDE_IN_FRAMEWORK_HEADER = YES;
				CLANG_WARN_RANGE_LOOP_ANALYSIS = YES;
				CLANG_WARN_STRICT_PROTOTYPES = YES;
				CLANG_WARN_SUSPICIOUS_MOVE = YES;
				CLANG_WARN_UNGUARDED_AVAILABILITY = YES_AGGRESSIVE;
				CLANG_WARN_UNREACHABLE_CODE = YES;
				CLANG_WARN__DUPLICATE_METHOD_MATCH = YES;
				COPY_PHASE_STRIP = NO;
				CURRENT_PROJECT_VERSION = 131;
				DEBUG_INFORMATION_FORMAT = dwarf;
				ENABLE_STRICT_OBJC_MSGSEND = YES;
				ENABLE_TESTABILITY = YES;
				GCC_C_LANGUAGE_STANDARD = gnu11;
				GCC_DYNAMIC_NO_PIC = NO;
				GCC_NO_COMMON_BLOCKS = YES;
				GCC_OPTIMIZATION_LEVEL = 0;
				GCC_PREPROCESSOR_DEFINITIONS = (
					"DEBUG=1",
					"$(inherited)",
				);
				GCC_WARN_64_TO_32_BIT_CONVERSION = YES;
				GCC_WARN_ABOUT_RETURN_TYPE = YES_ERROR;
				GCC_WARN_UNDECLARED_SELECTOR = YES;
				GCC_WARN_UNINITIALIZED_AUTOS = YES_AGGRESSIVE;
				GCC_WARN_UNUSED_FUNCTION = YES;
				GCC_WARN_UNUSED_VARIABLE = YES;
				IPHONEOS_DEPLOYMENT_TARGET = 16.0;
				MARKETING_VERSION = 3.4.2;
				MTL_ENABLE_DEBUG_INFO = INCLUDE_SOURCE;
				MTL_FAST_MATH = YES;
				ONLY_ACTIVE_ARCH = YES;
				SDKROOT = iphoneos;
				SWIFT_ACTIVE_COMPILATION_CONDITIONS = DEBUG;
				SWIFT_EMIT_LOC_STRINGS = YES;
				SWIFT_OPTIMIZATION_LEVEL = "-Onone";
				SWIFT_VERSION = 5.0;
				TARGETED_DEVICE_FAMILY = "1,2";
			};
			name = Debug;
		};
		E6F931C822F8B1C20038FC43 /* Release */ = {
			isa = XCBuildConfiguration;
			baseConfigurationReference = E64AF1732A9B6DD2002C8419 /* Base.xcconfig */;
			buildSettings = {
				ALWAYS_SEARCH_USER_PATHS = NO;
				CLANG_ANALYZER_LOCALIZABILITY_NONLOCALIZED = YES;
				CLANG_ANALYZER_NONNULL = YES;
				CLANG_ANALYZER_NUMBER_OBJECT_CONVERSION = YES_AGGRESSIVE;
				CLANG_CXX_LANGUAGE_STANDARD = "gnu++14";
				CLANG_CXX_LIBRARY = "libc++";
				CLANG_ENABLE_MODULES = YES;
				CLANG_ENABLE_OBJC_ARC = YES;
				CLANG_ENABLE_OBJC_WEAK = YES;
				CLANG_WARN_BLOCK_CAPTURE_AUTORELEASING = YES;
				CLANG_WARN_BOOL_CONVERSION = YES;
				CLANG_WARN_COMMA = YES;
				CLANG_WARN_CONSTANT_CONVERSION = YES;
				CLANG_WARN_DEPRECATED_OBJC_IMPLEMENTATIONS = YES;
				CLANG_WARN_DIRECT_OBJC_ISA_USAGE = YES_ERROR;
				CLANG_WARN_DOCUMENTATION_COMMENTS = YES;
				CLANG_WARN_EMPTY_BODY = YES;
				CLANG_WARN_ENUM_CONVERSION = YES;
				CLANG_WARN_INFINITE_RECURSION = YES;
				CLANG_WARN_INT_CONVERSION = YES;
				CLANG_WARN_NON_LITERAL_NULL_CONVERSION = YES;
				CLANG_WARN_OBJC_IMPLICIT_RETAIN_SELF = YES;
				CLANG_WARN_OBJC_LITERAL_CONVERSION = YES;
				CLANG_WARN_OBJC_ROOT_CLASS = YES_ERROR;
				CLANG_WARN_QUOTED_INCLUDE_IN_FRAMEWORK_HEADER = YES;
				CLANG_WARN_RANGE_LOOP_ANALYSIS = YES;
				CLANG_WARN_STRICT_PROTOTYPES = YES;
				CLANG_WARN_SUSPICIOUS_MOVE = YES;
				CLANG_WARN_UNGUARDED_AVAILABILITY = YES_AGGRESSIVE;
				CLANG_WARN_UNREACHABLE_CODE = YES;
				CLANG_WARN__DUPLICATE_METHOD_MATCH = YES;
				COPY_PHASE_STRIP = NO;
				CURRENT_PROJECT_VERSION = 131;
				DEBUG_INFORMATION_FORMAT = "dwarf-with-dsym";
				ENABLE_NS_ASSERTIONS = NO;
				ENABLE_STRICT_OBJC_MSGSEND = YES;
				GCC_C_LANGUAGE_STANDARD = gnu11;
				GCC_NO_COMMON_BLOCKS = YES;
				GCC_WARN_64_TO_32_BIT_CONVERSION = YES;
				GCC_WARN_ABOUT_RETURN_TYPE = YES_ERROR;
				GCC_WARN_UNDECLARED_SELECTOR = YES;
				GCC_WARN_UNINITIALIZED_AUTOS = YES_AGGRESSIVE;
				GCC_WARN_UNUSED_FUNCTION = YES;
				GCC_WARN_UNUSED_VARIABLE = YES;
				IPHONEOS_DEPLOYMENT_TARGET = 16.0;
				MARKETING_VERSION = 3.4.2;
				MTL_ENABLE_DEBUG_INFO = NO;
				MTL_FAST_MATH = YES;
				SDKROOT = iphoneos;
				SWIFT_COMPILATION_MODE = wholemodule;
				SWIFT_EMIT_LOC_STRINGS = YES;
				SWIFT_OPTIMIZATION_LEVEL = "-O";
				SWIFT_VERSION = 5.0;
				TARGETED_DEVICE_FAMILY = "1,2";
				VALIDATE_PRODUCT = YES;
			};
			name = Release;
		};
		E6F931CA22F8B1C20038FC43 /* Debug */ = {
			isa = XCBuildConfiguration;
			buildSettings = {
				ALWAYS_EMBED_SWIFT_STANDARD_LIBRARIES = YES;
				ASSETCATALOG_COMPILER_APPICON_NAME = AppIconStandart;
				ASSETCATALOG_COMPILER_INCLUDE_ALL_APPICON_ASSETS = YES;
				CODE_SIGN_ENTITLEMENTS = BsuirScheduleApp/BsuirScheduleApp.entitlements;
				CODE_SIGN_IDENTITY = "Apple Development";
				CODE_SIGN_STYLE = Automatic;
				DEVELOPMENT_ASSET_PATHS = "BsuirScheduleApp/Resources/Preview\\ Content";
				DEVELOPMENT_TEAM = 636FUHDF2R;
				ENABLE_PREVIEWS = YES;
				INFOPLIST_FILE = BsuirScheduleApp/Resources/Info.plist;
				LD_RUNPATH_SEARCH_PATHS = (
					"$(inherited)",
					"@executable_path/Frameworks",
				);
				PRODUCT_BUNDLE_IDENTIFIER = "com.saute.Bsuir-Schedule";
				PRODUCT_NAME = "$(TARGET_NAME)";
				PROVISIONING_PROFILE_SPECIFIER = "";
			};
			name = Debug;
		};
		E6F931CB22F8B1C20038FC43 /* Release */ = {
			isa = XCBuildConfiguration;
			buildSettings = {
				ALWAYS_EMBED_SWIFT_STANDARD_LIBRARIES = YES;
				ASSETCATALOG_COMPILER_APPICON_NAME = AppIconStandart;
				ASSETCATALOG_COMPILER_INCLUDE_ALL_APPICON_ASSETS = YES;
				CODE_SIGN_ENTITLEMENTS = BsuirScheduleApp/BsuirScheduleApp.entitlements;
				CODE_SIGN_IDENTITY = "Apple Development";
				CODE_SIGN_STYLE = Automatic;
				DEVELOPMENT_ASSET_PATHS = "BsuirScheduleApp/Resources/Preview\\ Content";
				DEVELOPMENT_TEAM = 636FUHDF2R;
				ENABLE_PREVIEWS = YES;
				INFOPLIST_FILE = BsuirScheduleApp/Resources/Info.plist;
				LD_RUNPATH_SEARCH_PATHS = (
					"$(inherited)",
					"@executable_path/Frameworks",
				);
				PRODUCT_BUNDLE_IDENTIFIER = "com.saute.Bsuir-Schedule";
				PRODUCT_NAME = "$(TARGET_NAME)";
				PROVISIONING_PROFILE_SPECIFIER = "";
				SWIFT_OPTIMIZATION_LEVEL = "-O";
			};
			name = Release;
		};
/* End XCBuildConfiguration section */

/* Begin XCConfigurationList section */
		E6AA8D2325162F1B00788A02 /* Build configuration list for PBXNativeTarget "ScheduleWidgetExtension" */ = {
			isa = XCConfigurationList;
			buildConfigurations = (
				E6AA8D2125162F1B00788A02 /* Debug */,
				E6AA8D2225162F1B00788A02 /* Release */,
			);
			defaultConfigurationIsVisible = 0;
			defaultConfigurationName = Release;
		};
		E6E188632A894EF200658AA8 /* Build configuration list for PBXNativeTarget "AppStoreSnapshotsUITests" */ = {
			isa = XCConfigurationList;
			buildConfigurations = (
				E6E188612A894EF200658AA8 /* Debug */,
				E6E188622A894EF200658AA8 /* Release */,
			);
			defaultConfigurationIsVisible = 0;
			defaultConfigurationName = Release;
		};
		E6F931AD22F8B1C10038FC43 /* Build configuration list for PBXProject "BsuirScheduleApp" */ = {
			isa = XCConfigurationList;
			buildConfigurations = (
				E6F931C722F8B1C20038FC43 /* Debug */,
				E6F931C822F8B1C20038FC43 /* Release */,
			);
			defaultConfigurationIsVisible = 0;
			defaultConfigurationName = Release;
		};
		E6F931C922F8B1C20038FC43 /* Build configuration list for PBXNativeTarget "BsuirScheduleApp" */ = {
			isa = XCConfigurationList;
			buildConfigurations = (
				E6F931CA22F8B1C20038FC43 /* Debug */,
				E6F931CB22F8B1C20038FC43 /* Release */,
			);
			defaultConfigurationIsVisible = 0;
			defaultConfigurationName = Release;
		};
/* End XCConfigurationList section */

/* Begin XCSwiftPackageProductDependency section */
		E6310E32292C02D20013A103 /* AppFeature */ = {
			isa = XCSwiftPackageProductDependency;
			productName = AppFeature;
		};
		E654467729296CF000881956 /* Deeplinking */ = {
			isa = XCSwiftPackageProductDependency;
			productName = Deeplinking;
		};
		E6611ABC293A8B59006E322B /* ScheduleCore */ = {
			isa = XCSwiftPackageProductDependency;
			productName = ScheduleCore;
		};
		E6972D19287B4A550003506F /* BsuirApi */ = {
			isa = XCSwiftPackageProductDependency;
			productName = BsuirApi;
		};
		E6972D1B287B4A550003506F /* BsuirUI */ = {
			isa = XCSwiftPackageProductDependency;
			productName = BsuirUI;
		};
		E6B33E7B29A2B7DE0034AD63 /* Favorites */ = {
			isa = XCSwiftPackageProductDependency;
			productName = Favorites;
		};
/* End XCSwiftPackageProductDependency section */
	};
	rootObject = E6F931AA22F8B1C10038FC43 /* Project object */;
}
